
Microsoft Visual Studio Solution File, Format Version 12.00
# Visual Studio Version 16
VisualStudioVersion = 16.0.31829.152
MinimumVisualStudioVersion = 10.0.40219.1
Project("{8BC9CEB8-8B4A-11D0-8D11-00A0C91BC942}") = "11회차 과외 숙제", "11회차 과외 숙제.vcxproj", "{585A836F-96B1-4845-876B-7CF98773EE15}"
EndProject
Global
	GlobalSection(SolutionConfigurationPlatforms) = preSolution
		Debug|x64 = Debug|x64
		Debug|x86 = Debug|x86
		Release|x64 = Release|x64
		Release|x86 = Release|x86
	EndGlobalSection
	GlobalSection(ProjectConfigurationPlatforms) = postSolution
		{585A836F-96B1-4845-876B-7CF98773EE15}.Debug|x64.ActiveCfg = Debug|x64
		{585A836F-96B1-4845-876B-7CF98773EE15}.Debug|x64.Build.0 = Debug|x64
		{585A836F-96B1-4845-876B-7CF98773EE15}.Debug|x86.ActiveCfg = Debug|Win32
		{585A836F-96B1-4845-876B-7CF98773EE15}.Debug|x86.Build.0 = Debug|Win32
		{585A836F-96B1-4845-876B-7CF98773EE15}.Release|x64.ActiveCfg = Release|x64
		{585A836F-96B1-4845-876B-7CF98773EE15}.Release|x64.Build.0 = Release|x64
		{585A836F-96B1-4845-876B-7CF98773EE15}.Release|x86.ActiveCfg = Release|Win32
		{585A836F-96B1-4845-876B-7CF98773EE15}.Release|x86.Build.0 = Release|Win32
	EndGlobalSection
	GlobalSection(SolutionProperties) = preSolution
		HideSolutionNode = FALSE
	EndGlobalSection
	GlobalSection(ExtensibilityGlobals) = postSolution
		SolutionGuid = {2E815644-A76A-43E4-8679-448A492B7FC9}
	EndGlobalSection
EndGlobal
